
Microsoft Visual Studio Solution File, Format Version 12.00
# Visual Studio Version 16
VisualStudioVersion = 16.0.28803.352
MinimumVisualStudioVersion = 10.0.40219.1
Project("{2150E333-8FDC-42A3-9474-1A3956D46DE8}") = "build", "build", "{44CAFCDD-C5A7-430F-BD82-A802D51CCD0A}"
	ProjectSection(SolutionItems) = preProject
		build\build.yml = build\build.yml
	EndProjectSection
EndProject
Project("{2150E333-8FDC-42A3-9474-1A3956D46DE8}") = "src", "src", "{95A6601A-8C50-48F8-BE71-3E0DCD246E54}"
EndProject
Project("{2150E333-8FDC-42A3-9474-1A3956D46DE8}") = "test", "test", "{833EDDFD-5DB8-4DBE-9971-399DE39F8523}"
EndProject
Project("{9A19103F-16F7-4668-BE54-9A1E7A4F7556}") = "System.CommandLine.Attributes", "src\System.CommandLine.Attributes\System.CommandLine.Attributes.csproj", "{E2127098-8D16-46DB-9F47-892BC1050C18}"
EndProject
Project("{9A19103F-16F7-4668-BE54-9A1E7A4F7556}") = "System.CommandLine.Attributes.Tests", "test\System.CommandLine.Attributes.Tests\System.CommandLine.Attributes.Tests.csproj", "{DB8BECFA-EC1E-4AEA-B67B-9531E1539770}"
EndProject
Global
	GlobalSection(SolutionConfigurationPlatforms) = preSolution
		Debug|Any CPU = Debug|Any CPU
		Release|Any CPU = Release|Any CPU
	EndGlobalSection
	GlobalSection(ProjectConfigurationPlatforms) = postSolution
		{E2127098-8D16-46DB-9F47-892BC1050C18}.Debug|Any CPU.ActiveCfg = Debug|Any CPU
		{E2127098-8D16-46DB-9F47-892BC1050C18}.Debug|Any CPU.Build.0 = Debug|Any CPU
		{E2127098-8D16-46DB-9F47-892BC1050C18}.Release|Any CPU.ActiveCfg = Release|Any CPU
		{E2127098-8D16-46DB-9F47-892BC1050C18}.Release|Any CPU.Build.0 = Release|Any CPU
		{DB8BECFA-EC1E-4AEA-B67B-9531E1539770}.Debug|Any CPU.ActiveCfg = Debug|Any CPU
		{DB8BECFA-EC1E-4AEA-B67B-9531E1539770}.Debug|Any CPU.Build.0 = Debug|Any CPU
		{DB8BECFA-EC1E-4AEA-B67B-9531E1539770}.Release|Any CPU.ActiveCfg = Release|Any CPU
		{DB8BECFA-EC1E-4AEA-B67B-9531E1539770}.Release|Any CPU.Build.0 = Release|Any CPU
	EndGlobalSection
	GlobalSection(SolutionProperties) = preSolution
		HideSolutionNode = FALSE
	EndGlobalSection
	GlobalSection(NestedProjects) = preSolution
		{E2127098-8D16-46DB-9F47-892BC1050C18} = {95A6601A-8C50-48F8-BE71-3E0DCD246E54}
		{DB8BECFA-EC1E-4AEA-B67B-9531E1539770} = {833EDDFD-5DB8-4DBE-9971-399DE39F8523}
	EndGlobalSection
	GlobalSection(ExtensibilityGlobals) = postSolution
		SolutionGuid = {24588C84-0A43-46F0-9170-C9CAC113D118}
	EndGlobalSection
EndGlobal
